// !$*UTF8*$!
{
	archiveVersion = 1;
	classes = {
	};
	objectVersion = 55;
	objects = {

/* Begin PBXBuildFile section */
		BB2595A828A543F9001982DE /* AppDelegate.swift in Sources */ = {isa = PBXBuildFile; fileRef = BB2595A728A543F9001982DE /* AppDelegate.swift */; };
		BB2595AA28A543F9001982DE /* SceneDelegate.swift in Sources */ = {isa = PBXBuildFile; fileRef = BB2595A928A543F9001982DE /* SceneDelegate.swift */; };
		BB2595AC28A543F9001982DE /* ViewController.swift in Sources */ = {isa = PBXBuildFile; fileRef = BB2595AB28A543F9001982DE /* ViewController.swift */; };
		BB2595AF28A543F9001982DE /* Main.storyboard in Resources */ = {isa = PBXBuildFile; fileRef = BB2595AD28A543F9001982DE /* Main.storyboard */; };
		BB2595B128A543FB001982DE /* Assets.xcassets in Resources */ = {isa = PBXBuildFile; fileRef = BB2595B028A543FB001982DE /* Assets.xcassets */; };
		BB2595B428A543FB001982DE /* LaunchScreen.storyboard in Resources */ = {isa = PBXBuildFile; fileRef = BB2595B228A543FB001982DE /* LaunchScreen.storyboard */; };
		BB2595BF28A543FB001982DE /* _4_JSONTests.swift in Sources */ = {isa = PBXBuildFile; fileRef = BB2595BE28A543FB001982DE /* _4_JSONTests.swift */; };
		BB2595C928A543FB001982DE /* _4_JSONUITests.swift in Sources */ = {isa = PBXBuildFile; fileRef = BB2595C828A543FB001982DE /* _4_JSONUITests.swift */; };
		BB2595CB28A543FB001982DE /* _4_JSONUITestsLaunchTests.swift in Sources */ = {isa = PBXBuildFile; fileRef = BB2595CA28A543FB001982DE /* _4_JSONUITestsLaunchTests.swift */; };
		BB2595D828A5442B001982DE /* Map-Info.swift in Sources */ = {isa = PBXBuildFile; fileRef = BB2595D728A5442B001982DE /* Map-Info.swift */; };
/* End PBXBuildFile section */

/* Begin PBXContainerItemProxy section */
		BB2595BB28A543FB001982DE /* PBXContainerItemProxy */ = {
			isa = PBXContainerItemProxy;
			containerPortal = BB25959C28A543F9001982DE /* Project object */;
			proxyType = 1;
			remoteGlobalIDString = BB2595A328A543F9001982DE;
			remoteInfo = "24-JSON";
		};
		BB2595C528A543FB001982DE /* PBXContainerItemProxy */ = {
			isa = PBXContainerItemProxy;
			containerPortal = BB25959C28A543F9001982DE /* Project object */;
			proxyType = 1;
			remoteGlobalIDString = BB2595A328A543F9001982DE;
			remoteInfo = "24-JSON";
		};
/* End PBXContainerItemProxy section */

/* Begin PBXFileReference section */
		BB2595A428A543F9001982DE /* 24-JSON.app */ = {isa = PBXFileReference; explicitFileType = wrapper.application; includeInIndex = 0; path = "24-JSON.app"; sourceTree = BUILT_PRODUCTS_DIR; };
		BB2595A728A543F9001982DE /* AppDelegate.swift */ = {isa = PBXFileReference; lastKnownFileType = sourcecode.swift; path = AppDelegate.swift; sourceTree = "<group>"; };
		BB2595A928A543F9001982DE /* SceneDelegate.swift */ = {isa = PBXFileReference; lastKnownFileType = sourcecode.swift; path = SceneDelegate.swift; sourceTree = "<group>"; };
		BB2595AB28A543F9001982DE /* ViewController.swift */ = {isa = PBXFileReference; lastKnownFileType = sourcecode.swift; path = ViewController.swift; sourceTree = "<group>"; };
		BB2595AE28A543F9001982DE /* Base */ = {isa = PBXFileReference; lastKnownFileType = file.storyboard; name = Base; path = Base.lproj/Main.storyboard; sourceTree = "<group>"; };
		BB2595B028A543FB001982DE /* Assets.xcassets */ = {isa = PBXFileReference; lastKnownFileType = folder.assetcatalog; path = Assets.xcassets; sourceTree = "<group>"; };
		BB2595B328A543FB001982DE /* Base */ = {isa = PBXFileReference; lastKnownFileType = file.storyboard; name = Base; path = Base.lproj/LaunchScreen.storyboard; sourceTree = "<group>"; };
		BB2595B528A543FB001982DE /* Info.plist */ = {isa = PBXFileReference; lastKnownFileType = text.plist.xml; path = Info.plist; sourceTree = "<group>"; };
		BB2595BA28A543FB001982DE /* 24-JSONTests.xctest */ = {isa = PBXFileReference; explicitFileType = wrapper.cfbundle; includeInIndex = 0; path = "24-JSONTests.xctest"; sourceTree = BUILT_PRODUCTS_DIR; };
		BB2595BE28A543FB001982DE /* _4_JSONTests.swift */ = {isa = PBXFileReference; lastKnownFileType = sourcecode.swift; path = _4_JSONTests.swift; sourceTree = "<group>"; };
		BB2595C428A543FB001982DE /* 24-JSONUITests.xctest */ = {isa = PBXFileReference; explicitFileType = wrapper.cfbundle; includeInIndex = 0; path = "24-JSONUITests.xctest"; sourceTree = BUILT_PRODUCTS_DIR; };
		BB2595C828A543FB001982DE /* _4_JSONUITests.swift */ = {isa = PBXFileReference; lastKnownFileType = sourcecode.swift; path = _4_JSONUITests.swift; sourceTree = "<group>"; };
		BB2595CA28A543FB001982DE /* _4_JSONUITestsLaunchTests.swift */ = {isa = PBXFileReference; lastKnownFileType = sourcecode.swift; path = _4_JSONUITestsLaunchTests.swift; sourceTree = "<group>"; };
		BB2595D728A5442B001982DE /* Map-Info.swift */ = {isa = PBXFileReference; lastKnownFileType = sourcecode.swift; path = "Map-Info.swift"; sourceTree = "<group>"; };
/* End PBXFileReference section */

/* Begin PBXFrameworksBuildPhase section */
		BB2595A128A543F9001982DE /* Frameworks */ = {
			isa = PBXFrameworksBuildPhase;
			buildActionMask = 2147483647;
			files = (
			);
			runOnlyForDeploymentPostprocessing = 0;
		};
		BB2595B728A543FB001982DE /* Frameworks */ = {
			isa = PBXFrameworksBuildPhase;
			buildActionMask = 2147483647;
			files = (
			);
			runOnlyForDeploymentPostprocessing = 0;
		};
		BB2595C128A543FB001982DE /* Frameworks */ = {
			isa = PBXFrameworksBuildPhase;
			buildActionMask = 2147483647;
			files = (
			);
			runOnlyForDeploymentPostprocessing = 0;
		};
/* End PBXFrameworksBuildPhase section */

/* Begin PBXGroup section */
		BB25959B28A543F9001982DE = {
			isa = PBXGroup;
			children = (
				BB2595A628A543F9001982DE /* 24-JSON */,
				BB2595BD28A543FB001982DE /* 24-JSONTests */,
				BB2595C728A543FB001982DE /* 24-JSONUITests */,
				BB2595A528A543F9001982DE /* Products */,
			);
			sourceTree = "<group>";
		};
		BB2595A528A543F9001982DE /* Products */ = {
			isa = PBXGroup;
			children = (
				BB2595A428A543F9001982DE /* 24-JSON.app */,
				BB2595BA28A543FB001982DE /* 24-JSONTests.xctest */,
				BB2595C428A543FB001982DE /* 24-JSONUITests.xctest */,
			);
			name = Products;
			sourceTree = "<group>";
		};
		BB2595A628A543F9001982DE /* 24-JSON */ = {
			isa = PBXGroup;
			children = (
				BB2595A728A543F9001982DE /* AppDelegate.swift */,
				BB2595A928A543F9001982DE /* SceneDelegate.swift */,
				BB2595AB28A543F9001982DE /* ViewController.swift */,
				BB2595D728A5442B001982DE /* Map-Info.swift */,
				BB2595AD28A543F9001982DE /* Main.storyboard */,
				BB2595B028A543FB001982DE /* Assets.xcassets */,
				BB2595B228A543FB001982DE /* LaunchScreen.storyboard */,
				BB2595B528A543FB001982DE /* Info.plist */,
			);
			path = "24-JSON";
			sourceTree = "<group>";
		};
		BB2595BD28A543FB001982DE /* 24-JSONTests */ = {
			isa = PBXGroup;
			children = (
				BB2595BE28A543FB001982DE /* _4_JSONTests.swift */,
			);
			path = "24-JSONTests";
			sourceTree = "<group>";
		};
		BB2595C728A543FB001982DE /* 24-JSONUITests */ = {
			isa = PBXGroup;
			children = (
				BB2595C828A543FB001982DE /* _4_JSONUITests.swift */,
				BB2595CA28A543FB001982DE /* _4_JSONUITestsLaunchTests.swift */,
			);
			path = "24-JSONUITests";
			sourceTree = "<group>";
		};
/* End PBXGroup section */

/* Begin PBXNativeTarget section */
		BB2595A328A543F9001982DE /* 24-JSON */ = {
			isa = PBXNativeTarget;
			buildConfigurationList = BB2595CE28A543FB001982DE /* Build configuration list for PBXNativeTarget "24-JSON" */;
			buildPhases = (
				BB2595A028A543F9001982DE /* Sources */,
				BB2595A128A543F9001982DE /* Frameworks */,
				BB2595A228A543F9001982DE /* Resources */,
			);
			buildRules = (
			);
			dependencies = (
			);
			name = "24-JSON";
			productName = "24-JSON";
			productReference = BB2595A428A543F9001982DE /* 24-JSON.app */;
			productType = "com.apple.product-type.application";
		};
		BB2595B928A543FB001982DE /* 24-JSONTests */ = {
			isa = PBXNativeTarget;
			buildConfigurationList = BB2595D128A543FB001982DE /* Build configuration list for PBXNativeTarget "24-JSONTests" */;
			buildPhases = (
				BB2595B628A543FB001982DE /* Sources */,
				BB2595B728A543FB001982DE /* Frameworks */,
				BB2595B828A543FB001982DE /* Resources */,
			);
			buildRules = (
			);
			dependencies = (
				BB2595BC28A543FB001982DE /* PBXTargetDependency */,
			);
			name = "24-JSONTests";
			productName = "24-JSONTests";
			productReference = BB2595BA28A543FB001982DE /* 24-JSONTests.xctest */;
			productType = "com.apple.product-type.bundle.unit-test";
		};
		BB2595C328A543FB001982DE /* 24-JSONUITests */ = {
			isa = PBXNativeTarget;
			buildConfigurationList = BB2595D428A543FB001982DE /* Build configuration list for PBXNativeTarget "24-JSONUITests" */;
			buildPhases = (
				BB2595C028A543FB001982DE /* Sources */,
				BB2595C128A543FB001982DE /* Frameworks */,
				BB2595C228A543FB001982DE /* Resources */,
			);
			buildRules = (
			);
			dependencies = (
				BB2595C628A543FB001982DE /* PBXTargetDependency */,
			);
			name = "24-JSONUITests";
			productName = "24-JSONUITests";
			productReference = BB2595C428A543FB001982DE /* 24-JSONUITests.xctest */;
			productType = "com.apple.product-type.bundle.ui-testing";
		};
/* End PBXNativeTarget section */

/* Begin PBXProject section */
		BB25959C28A543F9001982DE /* Project object */ = {
			isa = PBXProject;
			attributes = {
				BuildIndependentTargetsInParallel = 1;
				LastSwiftUpdateCheck = 1340;
				LastUpgradeCheck = 1340;
				TargetAttributes = {
					BB2595A328A543F9001982DE = {
						CreatedOnToolsVersion = 13.4.1;
					};
					BB2595B928A543FB001982DE = {
						CreatedOnToolsVersion = 13.4.1;
						TestTargetID = BB2595A328A543F9001982DE;
					};
					BB2595C328A543FB001982DE = {
						CreatedOnToolsVersion = 13.4.1;
						TestTargetID = BB2595A328A543F9001982DE;
					};
				};
			};
			buildConfigurationList = BB25959F28A543F9001982DE /* Build configuration list for PBXProject "24-JSON" */;
			compatibilityVersion = "Xcode 13.0";
			developmentRegion = en;
			hasScannedForEncodings = 0;
			knownRegions = (
				en,
				Base,
			);
			mainGroup = BB25959B28A543F9001982DE;
			productRefGroup = BB2595A528A543F9001982DE /* Products */;
			projectDirPath = "";
			projectRoot = "";
			targets = (
				BB2595A328A543F9001982DE /* 24-JSON */,
				BB2595B928A543FB001982DE /* 24-JSONTests */,
				BB2595C328A543FB001982DE /* 24-JSONUITests */,
			);
		};
/* End PBXProject section */

/* Begin PBXResourcesBuildPhase section */
		BB2595A228A543F9001982DE /* Resources */ = {
			isa = PBXResourcesBuildPhase;
			buildActionMask = 2147483647;
			files = (
				BB2595B428A543FB001982DE /* LaunchScreen.storyboard in Resources */,
				BB2595B128A543FB001982DE /* Assets.xcassets in Resources */,
				BB2595AF28A543F9001982DE /* Main.storyboard in Resources */,
			);
			runOnlyForDeploymentPostprocessing = 0;
		};
		BB2595B828A543FB001982DE /* Resources */ = {
			isa = PBXResourcesBuildPhase;
			buildActionMask = 2147483647;
			files = (
			);
			runOnlyForDeploymentPostprocessing = 0;
		};
		BB2595C228A543FB001982DE /* Resources */ = {
			isa = PBXResourcesBuildPhase;
			buildActionMask = 2147483647;
			files = (
			);
			runOnlyForDeploymentPostprocessing = 0;
		};
/* End PBXResourcesBuildPhase section */

/* Begin PBXSourcesBuildPhase section */
		BB2595A028A543F9001982DE /* Sources */ = {
			isa = PBXSourcesBuildPhase;
			buildActionMask = 2147483647;
			files = (
				BB2595D828A5442B001982DE /* Map-Info.swift in Sources */,
				BB2595AC28A543F9001982DE /* ViewController.swift in Sources */,
				BB2595A828A543F9001982DE /* AppDelegate.swift in Sources */,
				BB2595AA28A543F9001982DE /* SceneDelegate.swift in Sources */,
			);
			runOnlyForDeploymentPostprocessing = 0;
		};
		BB2595B628A543FB001982DE /* Sources */ = {
			isa = PBXSourcesBuildPhase;
			buildActionMask = 2147483647;
			files = (
				BB2595BF28A543FB001982DE /* _4_JSONTests.swift in Sources */,
			);
			runOnlyForDeploymentPostprocessing = 0;
		};
		BB2595C028A543FB001982DE /* Sources */ = {
			isa = PBXSourcesBuildPhase;
			buildActionMask = 2147483647;
			files = (
				BB2595C928A543FB001982DE /* _4_JSONUITests.swift in Sources */,
				BB2595CB28A543FB001982DE /* _4_JSONUITestsLaunchTests.swift in Sources */,
			);
			runOnlyForDeploymentPostprocessing = 0;
		};
/* End PBXSourcesBuildPhase section */

/* Begin PBXTargetDependency section */
		BB2595BC28A543FB001982DE /* PBXTargetDependency */ = {
			isa = PBXTargetDependency;
			target = BB2595A328A543F9001982DE /* 24-JSON */;
			targetProxy = BB2595BB28A543FB001982DE /* PBXContainerItemProxy */;
		};
		BB2595C628A543FB001982DE /* PBXTargetDependency */ = {
			isa = PBXTargetDependency;
			target = BB2595A328A543F9001982DE /* 24-JSON */;
			targetProxy = BB2595C528A543FB001982DE /* PBXContainerItemProxy */;
		};
/* End PBXTargetDependency section */

/* Begin PBXVariantGroup section */
		BB2595AD28A543F9001982DE /* Main.storyboard */ = {
			isa = PBXVariantGroup;
			children = (
				BB2595AE28A543F9001982DE /* Base */,
			);
			name = Main.storyboard;
			sourceTree = "<group>";
		};
		BB2595B228A543FB001982DE /* LaunchScreen.storyboard */ = {
			isa = PBXVariantGroup;
			children = (
				BB2595B328A543FB001982DE /* Base */,
			);
			name = LaunchScreen.storyboard;
			sourceTree = "<group>";
		};
/* End PBXVariantGroup section */

/* Begin XCBuildConfiguration section */
		BB2595CC28A543FB001982DE /* Debug */ = {
			isa = XCBuildConfiguration;
			buildSettings = {
				ALWAYS_SEARCH_USER_PATHS = NO;
				CLANG_ANALYZER_NONNULL = YES;
				CLANG_ANALYZER_NUMBER_OBJECT_CONVERSION = YES_AGGRESSIVE;
				CLANG_CXX_LANGUAGE_STANDARD = "gnu++17";
				CLANG_ENABLE_MODULES = YES;
				CLANG_ENABLE_OBJC_ARC = YES;
				CLANG_ENABLE_OBJC_WEAK = YES;
				CLANG_WARN_BLOCK_CAPTURE_AUTORELEASING = YES;
				CLANG_WARN_BOOL_CONVERSION = YES;
				CLANG_WARN_COMMA = YES;
				CLANG_WARN_CONSTANT_CONVERSION = YES;
				CLANG_WARN_DEPRECATED_OBJC_IMPLEMENTATIONS = YES;
				CLANG_WARN_DIRECT_OBJC_ISA_USAGE = YES_ERROR;
				CLANG_WARN_DOCUMENTATION_COMMENTS = YES;
				CLANG_WARN_EMPTY_BODY = YES;
				CLANG_WARN_ENUM_CONVERSION = YES;
				CLANG_WARN_INFINITE_RECURSION = YES;
				CLANG_WARN_INT_CONVERSION = YES;
				CLANG_WARN_NON_LITERAL_NULL_CONVERSION = YES;
				CLANG_WARN_OBJC_IMPLICIT_RETAIN_SELF = YES;
				CLANG_WARN_OBJC_LITERAL_CONVERSION = YES;
				CLANG_WARN_OBJC_ROOT_CLASS = YES_ERROR;
				CLANG_WARN_QUOTED_INCLUDE_IN_FRAMEWORK_HEADER = YES;
				CLANG_WARN_RANGE_LOOP_ANALYSIS = YES;
				CLANG_WARN_STRICT_PROTOTYPES = YES;
				CLANG_WARN_SUSPICIOUS_MOVE = YES;
				CLANG_WARN_UNGUARDED_AVAILABILITY = YES_AGGRESSIVE;
				CLANG_WARN_UNREACHABLE_CODE = YES;
				CLANG_WARN__DUPLICATE_METHOD_MATCH = YES;
				COPY_PHASE_STRIP = NO;
				DEBUG_INFORMATION_FORMAT = dwarf;
				ENABLE_STRICT_OBJC_MSGSEND = YES;
				ENABLE_TESTABILITY = YES;
				GCC_C_LANGUAGE_STANDARD = gnu11;
				GCC_DYNAMIC_NO_PIC = NO;
				GCC_NO_COMMON_BLOCKS = YES;
				GCC_OPTIMIZATION_LEVEL = 0;
				GCC_PREPROCESSOR_DEFINITIONS = (
					"DEBUG=1",
					"$(inherited)",
				);
				GCC_WARN_64_TO_32_BIT_CONVERSION = YES;
				GCC_WARN_ABOUT_RETURN_TYPE = YES_ERROR;
				GCC_WARN_UNDECLARED_SELECTOR = YES;
				GCC_WARN_UNINITIALIZED_AUTOS = YES_AGGRESSIVE;
				GCC_WARN_UNUSED_FUNCTION = YES;
				GCC_WARN_UNUSED_VARIABLE = YES;
				IPHONEOS_DEPLOYMENT_TARGET = 15.5;
				MTL_ENABLE_DEBUG_INFO = INCLUDE_SOURCE;
				MTL_FAST_MATH = YES;
				ONLY_ACTIVE_ARCH = YES;
				SDKROOT = iphoneos;
				SWIFT_ACTIVE_COMPILATION_CONDITIONS = DEBUG;
				SWIFT_OPTIMIZATION_LEVEL = "-Onone";
			};
			name = Debug;
		};
		BB2595CD28A543FB001982DE /* Release */ = {
			isa = XCBuildConfiguration;
			buildSettings = {
				ALWAYS_SEARCH_USER_PATHS = NO;
				CLANG_ANALYZER_NONNULL = YES;
				CLANG_ANALYZER_NUMBER_OBJECT_CONVERSION = YES_AGGRESSIVE;
				CLANG_CXX_LANGUAGE_STANDARD = "gnu++17";
				CLANG_ENABLE_MODULES = YES;
				CLANG_ENABLE_OBJC_ARC = YES;
				CLANG_ENABLE_OBJC_WEAK = YES;
				CLANG_WARN_BLOCK_CAPTURE_AUTORELEASING = YES;
				CLANG_WARN_BOOL_CONVERSION = YES;
				CLANG_WARN_COMMA = YES;
				CLANG_WARN_CONSTANT_CONVERSION = YES;
				CLANG_WARN_DEPRECATED_OBJC_IMPLEMENTATIONS = YES;
				CLANG_WARN_DIRECT_OBJC_ISA_USAGE = YES_ERROR;
				CLANG_WARN_DOCUMENTATION_COMMENTS = YES;
				CLANG_WARN_EMPTY_BODY = YES;
				CLANG_WARN_ENUM_CONVERSION = YES;
				CLANG_WARN_INFINITE_RECURSION = YES;
				CLANG_WARN_INT_CONVERSION = YES;
				CLANG_WARN_NON_LITERAL_NULL_CONVERSION = YES;
				CLANG_WARN_OBJC_IMPLICIT_RETAIN_SELF = YES;
				CLANG_WARN_OBJC_LITERAL_CONVERSION = YES;
				CLANG_WARN_OBJC_ROOT_CLASS = YES_ERROR;
				CLANG_WARN_QUOTED_INCLUDE_IN_FRAMEWORK_HEADER = YES;
				CLANG_WARN_RANGE_LOOP_ANALYSIS = YES;
				CLANG_WARN_STRICT_PROTOTYPES = YES;
				CLANG_WARN_SUSPICIOUS_MOVE = YES;
				CLANG_WARN_UNGUARDED_AVAILABILITY = YES_AGGRESSIVE;
				CLANG_WARN_UNREACHABLE_CODE = YES;
				CLANG_WARN__DUPLICATE_METHOD_MATCH = YES;
				COPY_PHASE_STRIP = NO;
				DEBUG_INFORMATION_FORMAT = "dwarf-with-dsym";
				ENABLE_NS_ASSERTIONS = NO;
				ENABLE_STRICT_OBJC_MSGSEND = YES;
				GCC_C_LANGUAGE_STANDARD = gnu11;
				GCC_NO_COMMON_BLOCKS = YES;
				GCC_WARN_64_TO_32_BIT_CONVERSION = YES;
				GCC_WARN_ABOUT_RETURN_TYPE = YES_ERROR;
				GCC_WARN_UNDECLARED_SELECTOR = YES;
				GCC_WARN_UNINITIALIZED_AUTOS = YES_AGGRESSIVE;
				GCC_WARN_UNUSED_FUNCTION = YES;
				GCC_WARN_UNUSED_VARIABLE = YES;
				IPHONEOS_DEPLOYMENT_TARGET = 15.5;
				MTL_ENABLE_DEBUG_INFO = NO;
				MTL_FAST_MATH = YES;
				SDKROOT = iphoneos;
				SWIFT_COMPILATION_MODE = wholemodule;
				SWIFT_OPTIMIZATION_LEVEL = "-O";
				VALIDATE_PRODUCT = YES;
			};
			name = Release;
		};
		BB2595CF28A543FB001982DE /* Debug */ = {
			isa = XCBuildConfiguration;
			buildSettings = {
				ASSETCATALOG_COMPILER_APPICON_NAME = AppIcon;
				ASSETCATALOG_COMPILER_GLOBAL_ACCENT_COLOR_NAME = AccentColor;
				CODE_SIGN_STYLE = Automatic;
				CURRENT_PROJECT_VERSION = 1;
				DEVELOPMENT_TEAM = PKW23ALJN5;
				GENERATE_INFOPLIST_FILE = YES;
				INFOPLIST_FILE = "24-JSON/Info.plist";
				INFOPLIST_KEY_UIApplicationSupportsIndirectInputEvents = YES;
				INFOPLIST_KEY_UILaunchStoryboardName = LaunchScreen;
				INFOPLIST_KEY_UIMainStoryboardFile = Main;
				INFOPLIST_KEY_UISupportedInterfaceOrientations_iPad = "UIInterfaceOrientationPortrait UIInterfaceOrientationPortraitUpsideDown UIInterfaceOrientationLandscapeLeft UIInterfaceOrientationLandscapeRight";
				INFOPLIST_KEY_UISupportedInterfaceOrientations_iPhone = "UIInterfaceOrientationPortrait UIInterfaceOrientationLandscapeLeft UIInterfaceOrientationLandscapeRight";
				LD_RUNPATH_SEARCH_PATHS = (
					"$(inherited)",
					"@executable_path/Frameworks",
				);
				MARKETING_VERSION = 1.0;
				PRODUCT_BUNDLE_IDENTIFIER = "sz.-4-JSON";
				PRODUCT_NAME = "$(TARGET_NAME)";
				SWIFT_EMIT_LOC_STRINGS = YES;
				SWIFT_VERSION = 5.0;
				TARGETED_DEVICE_FAMILY = "1,2";
			};
			name = Debug;
		};
		BB2595D028A543FB001982DE /* Release */ = {
			isa = XCBuildConfiguration;
			buildSettings = {
				ASSETCATALOG_COMPILER_APPICON_NAME = AppIcon;
				ASSETCATALOG_COMPILER_GLOBAL_ACCENT_COLOR_NAME = AccentColor;
				CODE_SIGN_STYLE = Automatic;
				CURRENT_PROJECT_VERSION = 1;
				DEVELOPMENT_TEAM = PKW23ALJN5;
				GENERATE_INFOPLIST_FILE = YES;
				INFOPLIST_FILE = "24-JSON/Info.plist";
				INFOPLIST_KEY_UIApplicationSupportsIndirectInputEvents = YES;
				INFOPLIST_KEY_UILaunchStoryboardName = LaunchScreen;
				INFOPLIST_KEY_UIMainStoryboardFile = Main;
				INFOPLIST_KEY_UISupportedInterfaceOrientations_iPad = "UIInterfaceOrientationPortrait UIInterfaceOrientationPortraitUpsideDown UIInterfaceOrientationLandscapeLeft UIInterfaceOrientationLandscapeRight";
				INFOPLIST_KEY_UISupportedInterfaceOrientations_iPhone = "UIInterfaceOrientationPortrait UIInterfaceOrientationLandscapeLeft UIInterfaceOrientationLandscapeRight";
				LD_RUNPATH_SEARCH_PATHS = (
					"$(inherited)",
					"@executable_path/Frameworks",
				);
				MARKETING_VERSION = 1.0;
				PRODUCT_BUNDLE_IDENTIFIER = "sz.-4-JSON";
				PRODUCT_NAME = "$(TARGET_NAME)";
				SWIFT_EMIT_LOC_STRINGS = YES;
				SWIFT_VERSION = 5.0;
				TARGETED_DEVICE_FAMILY = "1,2";
			};
			name = Release;
		};
		BB2595D228A543FB001982DE /* Debug */ = {
			isa = XCBuildConfiguration;
			buildSettings = {
				ALWAYS_EMBED_SWIFT_STANDARD_LIBRARIES = YES;
				BUNDLE_LOADER = "$(TEST_HOST)";
				CODE_SIGN_STYLE = Automatic;
				CURRENT_PROJECT_VERSION = 1;
				DEVELOPMENT_TEAM = PKW23ALJN5;
				GENERATE_INFOPLIST_FILE = YES;
				IPHONEOS_DEPLOYMENT_TARGET = 15.5;
				MARKETING_VERSION = 1.0;
				PRODUCT_BUNDLE_IDENTIFIER = "sz.-4-JSONTests";
				PRODUCT_NAME = "$(TARGET_NAME)";
				SWIFT_EMIT_LOC_STRINGS = NO;
				SWIFT_VERSION = 5.0;
				TARGETED_DEVICE_FAMILY = "1,2";
				TEST_HOST = "$(BUILT_PRODUCTS_DIR)/24-JSON.app/24-JSON";
			};
			name = Debug;
		};
		BB2595D328A543FB001982DE /* Release */ = {
			isa = XCBuildConfiguration;
			buildSettings = {
				ALWAYS_EMBED_SWIFT_STANDARD_LIBRARIES = YES;
				BUNDLE_LOADER = "$(TEST_HOST)";
				CODE_SIGN_STYLE = Automatic;
				CURRENT_PROJECT_VERSION = 1;
				DEVELOPMENT_TEAM = PKW23ALJN5;
				GENERATE_INFOPLIST_FILE = YES;
				IPHONEOS_DEPLOYMENT_TARGET = 15.5;
				MARKETING_VERSION = 1.0;
				PRODUCT_BUNDLE_IDENTIFIER = "sz.-4-JSONTests";
				PRODUCT_NAME = "$(TARGET_NAME)";
				SWIFT_EMIT_LOC_STRINGS = NO;
				SWIFT_VERSION = 5.0;
				TARGETED_DEVICE_FAMILY = "1,2";
				TEST_HOST = "$(BUILT_PRODUCTS_DIR)/24-JSON.app/24-JSON";
			};
			name = Release;
		};
		BB2595D528A543FB001982DE /* Debug */ = {
			isa = XCBuildConfiguration;
			buildSettings = {
				ALWAYS_EMBED_SWIFT_STANDARD_LIBRARIES = YES;
				CODE_SIGN_STYLE = Automatic;
				CURRENT_PROJECT_VERSION = 1;
				DEVELOPMENT_TEAM = PKW23ALJN5;
				GENERATE_INFOPLIST_FILE = YES;
				MARKETING_VERSION = 1.0;
				PRODUCT_BUNDLE_IDENTIFIER = "sz.-4-JSONUITests";
				PRODUCT_NAME = "$(TARGET_NAME)";
				SWIFT_EMIT_LOC_STRINGS = NO;
				SWIFT_VERSION = 5.0;
				TARGETED_DEVICE_FAMILY = "1,2";
				TEST_TARGET_NAME = "24-JSON";
			};
			name = Debug;
		};
		BB2595D628A543FB001982DE /* Release */ = {
			isa = XCBuildConfiguration;
			buildSettings = {
				ALWAYS_EMBED_SWIFT_STANDARD_LIBRARIES = YES;
				CODE_SIGN_STYLE = Automatic;
				CURRENT_PROJECT_VERSION = 1;
				DEVELOPMENT_TEAM = PKW23ALJN5;
				GENERATE_INFOPLIST_FILE = YES;
				MARKETING_VERSION = 1.0;
				PRODUCT_BUNDLE_IDENTIFIER = "sz.-4-JSONUITests";
				PRODUCT_NAME = "$(TARGET_NAME)";
				SWIFT_EMIT_LOC_STRINGS = NO;
				SWIFT_VERSION = 5.0;
				TARGETED_DEVICE_FAMILY = "1,2";
				TEST_TARGET_NAME = "24-JSON";
			};
			name = Release;
		};
/* End XCBuildConfiguration section */

/* Begin XCConfigurationList section */
		BB25959F28A543F9001982DE /* Build configuration list for PBXProject "24-JSON" */ = {
			isa = XCConfigurationList;
			buildConfigurations = (
				BB2595CC28A543FB001982DE /* Debug */,
				BB2595CD28A543FB001982DE /* Release */,
			);
			defaultConfigurationIsVisible = 0;
			defaultConfigurationName = Release;
		};
		BB2595CE28A543FB001982DE /* Build configuration list for PBXNativeTarget "24-JSON" */ = {
			isa = XCConfigurationList;
			buildConfigurations = (
				BB2595CF28A543FB001982DE /* Debug */,
				BB2595D028A543FB001982DE /* Release */,
			);
			defaultConfigurationIsVisible = 0;
			defaultConfigurationName = Release;
		};
		BB2595D128A543FB001982DE /* Build configuration list for PBXNativeTarget "24-JSONTests" */ = {
			isa = XCConfigurationList;
			buildConfigurations = (
				BB2595D228A543FB001982DE /* Debug */,
				BB2595D328A543FB001982DE /* Release */,
			);
			defaultConfigurationIsVisible = 0;
			defaultConfigurationName = Release;
		};
		BB2595D428A543FB001982DE /* Build configuration list for PBXNativeTarget "24-JSONUITests" */ = {
			isa = XCConfigurationList;
			buildConfigurations = (
				BB2595D528A543FB001982DE /* Debug */,
				BB2595D628A543FB001982DE /* Release */,
			);
			defaultConfigurationIsVisible = 0;
			defaultConfigurationName = Release;
		};
/* End XCConfigurationList section */
	};
	rootObject = BB25959C28A543F9001982DE /* Project object */;
}
